
Microsoft Visual Studio Solution File, Format Version 10.00
# Visual Studio 2008
Project("{FAE04EC0-301F-11D3-BF4B-00C04F79EFBC}") = "Spring.RabbitQuickStart.Server", "src\Spring\Spring.RabbitQuickStart.Server\Spring.RabbitQuickStart.Server.2010.csproj", "{44CBEE25-B904-4222-8F42-6DBE90BC37F1}"
EndProject
Project("{FAE04EC0-301F-11D3-BF4B-00C04F79EFBC}") = "Spring.RabbitQuickStart.Client", "src\Spring\Spring.RabbitQuickStart.Client\Spring.RabbitQuickStart.Client.2010.csproj", "{E45BAB1E-7C84-446A-AA5C-2EC6D336960B}"
EndProject
Project("{FAE04EC0-301F-11D3-BF4B-00C04F79EFBC}") = "Spring.Messaging.Amqp.2008", "..\..\src\Spring.Messaging.Amqp\Spring.Messaging.Amqp.2008.2010.csproj", "{96CD9010-9DDF-4D13-892A-5D60F01F3C90}"
EndProject
Project("{FAE04EC0-301F-11D3-BF4B-00C04F79EFBC}") = "Spring.Messaging.Amqp.Rabbit.2008", "..\..\src\Spring.Messaging.Amqp.Rabbit\Spring.Messaging.Amqp.Rabbit.2008.2010.csproj", "{1B1394DA-24D3-47FE-84CA-7E33B077F686}"
EndProject
Project("{FAE04EC0-301F-11D3-BF4B-00C04F79EFBC}") = "Spring.RabbitQuickStart.Common", "src\Spring\Spring.RabbitQuickStart.Common\Spring.RabbitQuickStart.Common.2010.csproj", "{DE909872-61DE-48EC-BD1A-8DEE4D993F5B}"
EndProject
Global
	GlobalSection(SolutionConfigurationPlatforms) = preSolution
		Debug|Any CPU = Debug|Any CPU
		Release|Any CPU = Release|Any CPU
	EndGlobalSection
	GlobalSection(ProjectConfigurationPlatforms) = postSolution
		{44CBEE25-B904-4222-8F42-6DBE90BC37F1}.Debug|Any CPU.ActiveCfg = Debug|Any CPU
		{44CBEE25-B904-4222-8F42-6DBE90BC37F1}.Debug|Any CPU.Build.0 = Debug|Any CPU
		{44CBEE25-B904-4222-8F42-6DBE90BC37F1}.Release|Any CPU.ActiveCfg = Release|Any CPU
		{44CBEE25-B904-4222-8F42-6DBE90BC37F1}.Release|Any CPU.Build.0 = Release|Any CPU
		{E45BAB1E-7C84-446A-AA5C-2EC6D336960B}.Debug|Any CPU.ActiveCfg = Debug|Any CPU
		{E45BAB1E-7C84-446A-AA5C-2EC6D336960B}.Debug|Any CPU.Build.0 = Debug|Any CPU
		{E45BAB1E-7C84-446A-AA5C-2EC6D336960B}.Release|Any CPU.ActiveCfg = Release|Any CPU
		{E45BAB1E-7C84-446A-AA5C-2EC6D336960B}.Release|Any CPU.Build.0 = Release|Any CPU
		{96CD9010-9DDF-4D13-892A-5D60F01F3C90}.Debug|Any CPU.ActiveCfg = Debug|Any CPU
		{96CD9010-9DDF-4D13-892A-5D60F01F3C90}.Debug|Any CPU.Build.0 = Debug|Any CPU
		{96CD9010-9DDF-4D13-892A-5D60F01F3C90}.Release|Any CPU.ActiveCfg = Release|Any CPU
		{96CD9010-9DDF-4D13-892A-5D60F01F3C90}.Release|Any CPU.Build.0 = Release|Any CPU
		{1B1394DA-24D3-47FE-84CA-7E33B077F686}.Debug|Any CPU.ActiveCfg = Debug|Any CPU
		{1B1394DA-24D3-47FE-84CA-7E33B077F686}.Debug|Any CPU.Build.0 = Debug|Any CPU
		{1B1394DA-24D3-47FE-84CA-7E33B077F686}.Release|Any CPU.ActiveCfg = Release|Any CPU
		{1B1394DA-24D3-47FE-84CA-7E33B077F686}.Release|Any CPU.Build.0 = Release|Any CPU
		{DE909872-61DE-48EC-BD1A-8DEE4D993F5B}.Debug|Any CPU.ActiveCfg = Debug|Any CPU
		{DE909872-61DE-48EC-BD1A-8DEE4D993F5B}.Debug|Any CPU.Build.0 = Debug|Any CPU
		{DE909872-61DE-48EC-BD1A-8DEE4D993F5B}.Release|Any CPU.ActiveCfg = Release|Any CPU
		{DE909872-61DE-48EC-BD1A-8DEE4D993F5B}.Release|Any CPU.Build.0 = Release|Any CPU
	EndGlobalSection
	GlobalSection(SolutionProperties) = preSolution
		HideSolutionNode = FALSE
	EndGlobalSection
EndGlobal
