
Microsoft Visual Studio Solution File, Format Version 10.00
# Visual Studio 2008
Project("{FAE04EC0-301F-11D3-BF4B-00C04F79EFBC}") = "Spring.Messaging.Amqp", "src\Spring.Messaging.Amqp\Spring.Messaging.Amqp.2008.csproj", "{96CD9010-9DDF-4D13-892A-5D60F01F3C90}"
EndProject
Project("{FAE04EC0-301F-11D3-BF4B-00C04F79EFBC}") = "Spring.Messaging.Amqp.Rabbit", "src\Spring.Messaging.Amqp.Rabbit\Spring.Messaging.Amqp.Rabbit.2008.csproj", "{1B1394DA-24D3-47FE-84CA-7E33B077F686}"
EndProject
Project("{FAE04EC0-301F-11D3-BF4B-00C04F79EFBC}") = "Spring.Messaging.Amqp.Rabbit.Tests", "test\Spring.Messaging.Amqp.Rabbit.Tests\Spring.Messaging.Amqp.Rabbit.Tests.2008.csproj", "{48A4238A-9B96-4CCB-B2BB-86BC07484158}"
EndProject
Project("{FAE04EC0-301F-11D3-BF4B-00C04F79EFBC}") = "Spring.Messaging.Amqp.Qpid-0-10-0.6", "src\Spring.Messaging.Amqp.Qpid-0-10-0.8\Spring.Messaging.Amqp.Qpid-0-10-0.8\Spring.Messaging.Amqp.Qpid-0-10-0.8.2008.csproj", "{07B01C3C-A31D-45BE-98FD-691A387BD030}"
EndProject
Project("{FAE04EC0-301F-11D3-BF4B-00C04F79EFBC}") = "Spring.Messaging.Amqp.Qpid-0-10-0.6.Tests", "test\Spring.Messaging.Amqp.Qpid-0-10-0.8.Tests\Spring.Messaging.Amqp.Qpid-0-10-0.8.Tests\Spring.Messaging.Amqp.Qpid-0-10-0.8.Tests.2008.csproj", "{EBFC4C8E-568D-4A35-9F57-B7715B798E61}"
EndProject
Project("{FAE04EC0-301F-11D3-BF4B-00C04F79EFBC}") = "Spring.Messaging.Amqp.Qpid-0-8-0.6", "src\Spring.Messaging.Amqp.Qpid-0-8-0.8\Spring.Messaging.Amqp.Qpid-0-8-0.8\Spring.Messaging.Amqp.Qpid-0-8-0.8.2008.csproj", "{267B71FE-75F6-43DE-8655-7392AB2F3F27}"
EndProject
Project("{2150E333-8FDC-42A3-9474-1A3956D46DE8}") = "Samples", "Samples", "{5485F738-87A1-4B36-A5EC-4A7350DDE2FF}"
EndProject
Project("{2150E333-8FDC-42A3-9474-1A3956D46DE8}") = "StockApp", "StockApp", "{0F85FABE-1157-430C-8B31-A3E4F443C495}"
EndProject
Project("{FAE04EC0-301F-11D3-BF4B-00C04F79EFBC}") = "Spring.RabbitQuickStart.Common", "examples\Spring.RabbitQuickStart\src\Spring\Spring.RabbitQuickStart.Common\Spring.RabbitQuickStart.Common.2008.csproj", "{DE909872-61DE-48EC-BD1A-8DEE4D993F5B}"
EndProject
Project("{FAE04EC0-301F-11D3-BF4B-00C04F79EFBC}") = "Spring.RabbitQuickStart.Client", "examples\Spring.RabbitQuickStart\src\Spring\Spring.RabbitQuickStart.Client\Spring.RabbitQuickStart.Client.2008.csproj", "{E45BAB1E-7C84-446A-AA5C-2EC6D336960B}"
EndProject
Project("{FAE04EC0-301F-11D3-BF4B-00C04F79EFBC}") = "Spring.RabbitQuickStart.Server", "examples\Spring.RabbitQuickStart\src\Spring\Spring.RabbitQuickStart.Server\Spring.RabbitQuickStart.Server.2008.csproj", "{44CBEE25-B904-4222-8F42-6DBE90BC37F1}"
EndProject
Project("{FAE04EC0-301F-11D3-BF4B-00C04F79EFBC}") = "Spring.Erlang", "src\Spring.Erlang\Spring.Erlang.2008.csproj", "{2619BBAC-1C37-4AE7-923F-E40EB7805132}"
EndProject
Project("{FAE04EC0-301F-11D3-BF4B-00C04F79EFBC}") = "Spring.Messaging.Amqp.Rabbit.Admin", "src\Spring.Messaging.Amqp.Rabbit.Admin\Spring.Messaging.Amqp.Rabbit.Admin.2008.csproj", "{EBC1D070-FC8A-4EAD-B2A7-3AC25AB62507}"
EndProject
Project("{FAE04EC0-301F-11D3-BF4B-00C04F79EFBC}") = "Spring.Messaging.Amqp.Rabbit.Admin.Tests", "test\Spring.Messaging.Amqp.Rabbit.Admin.Tests\Spring.Messaging.Amqp.Rabbit.Admin.Tests.2008.csproj", "{CC100EAE-6668-4E39-977E-CB63D025BCCE}"
EndProject
Project("{FAE04EC0-301F-11D3-BF4B-00C04F79EFBC}") = "Spring.Erlang.Tests", "test\Spring.Erlang.Tests\Spring.Erlang.Tests.2008.csproj", "{6BF21894-DDF3-496A-969F-6E3963A12E2A}"
EndProject
Project("{2150E333-8FDC-42A3-9474-1A3956D46DE8}") = "HelloWorld", "HelloWorld", "{E65D4223-776C-4C85-9599-827078CEF477}"
EndProject
Project("{FAE04EC0-301F-11D3-BF4B-00C04F79EFBC}") = "Spring.Amqp.HelloWorld.BrokerConfiguration", "examples\Spring.Amqp.HelloWorld\Spring.Amqp.HelloWorld.BrokerConfiguration\Spring.Amqp.HelloWorld.BrokerConfiguration.2008.csproj", "{5B53C793-9BB7-4B76-AF93-64AB842C95AD}"
EndProject
Project("{FAE04EC0-301F-11D3-BF4B-00C04F79EFBC}") = "Spring.Amqp.HelloWorld.Producer", "examples\Spring.Amqp.HelloWorld\Spring.Amqp.HelloWorld.Producer\Spring.Amqp.HelloWorld.Producer.2008.csproj", "{38D42D7E-0571-4E5F-813D-B5AFB06AFC98}"
EndProject
Project("{FAE04EC0-301F-11D3-BF4B-00C04F79EFBC}") = "Spring.Amqp.HelloWorld.Consumer", "examples\Spring.Amqp.HelloWorld\Spring.Amqp.HelloWorld.Consumer\Spring.Amqp.HelloWorld.Consumer.2008.csproj", "{1C76615E-A9C1-4589-93CD-3E28745AD7F0}"
EndProject
Project("{2150E333-8FDC-42A3-9474-1A3956D46DE8}") = "Sync", "Sync", "{65819AD4-DA92-45A2-8819-E28B03BC304E}"
EndProject
Project("{2150E333-8FDC-42A3-9474-1A3956D46DE8}") = "Async", "Async", "{3CDFDF37-6191-4CED-8446-9256FC8D0136}"
EndProject
Project("{FAE04EC0-301F-11D3-BF4B-00C04F79EFBC}") = "Spring.Amqp.HelloWorld.Producer.Async", "examples\Spring.Amqp.HelloWorld\Spring.Amqp.HelloWorld.Producer.Async\Spring.Amqp.HelloWorld.Producer.Async.2008.csproj", "{D7A715D3-FBBC-4E39-8D66-8F22D06FA463}"
EndProject
Project("{FAE04EC0-301F-11D3-BF4B-00C04F79EFBC}") = "Spring.Amqp.HelloWorld.Consumer.Async", "examples\Spring.Amqp.HelloWorld.Consumer.Async\Spring.Amqp.HelloWorld.Consumer.Async\Spring.Amqp.HelloWorld.Consumer.Async.2008.csproj", "{E128E9D5-66EA-483B-89C9-42023978F9B8}"
EndProject
Project("{FAE04EC0-301F-11D3-BF4B-00C04F79EFBC}") = "Spring.RabbitQuickStart.BrokerConfiguration", "examples\Spring.RabbitQuickStart\src\Spring\Spring.RabbitQuickStart.BrokerConfiguration\Spring.RabbitQuickStart.BrokerConfiguration.2008.csproj", "{DE9CA141-7F53-4469-A286-49AE5D3C36CC}"
EndProject
Project("{FAE04EC0-301F-11D3-BF4B-00C04F79EFBC}") = "Spring.Messaging.Amqp.Tests", "test\Spring.Messaging.Amqp.Tests\Spring.Messaging.Amqp.Tests.2008.csproj", "{C5A985A0-45B6-499B-B8B9-A29A2BBE524A}"
EndProject
Global
	GlobalSection(SolutionConfigurationPlatforms) = preSolution
		Debug|Any CPU = Debug|Any CPU
		Release|Any CPU = Release|Any CPU
	EndGlobalSection
	GlobalSection(ProjectConfigurationPlatforms) = postSolution
		{96CD9010-9DDF-4D13-892A-5D60F01F3C90}.Debug|Any CPU.ActiveCfg = Debug|Any CPU
		{96CD9010-9DDF-4D13-892A-5D60F01F3C90}.Debug|Any CPU.Build.0 = Debug|Any CPU
		{96CD9010-9DDF-4D13-892A-5D60F01F3C90}.Release|Any CPU.ActiveCfg = Release|Any CPU
		{96CD9010-9DDF-4D13-892A-5D60F01F3C90}.Release|Any CPU.Build.0 = Release|Any CPU
		{1B1394DA-24D3-47FE-84CA-7E33B077F686}.Debug|Any CPU.ActiveCfg = Debug|Any CPU
		{1B1394DA-24D3-47FE-84CA-7E33B077F686}.Debug|Any CPU.Build.0 = Debug|Any CPU
		{1B1394DA-24D3-47FE-84CA-7E33B077F686}.Release|Any CPU.ActiveCfg = Release|Any CPU
		{1B1394DA-24D3-47FE-84CA-7E33B077F686}.Release|Any CPU.Build.0 = Release|Any CPU
		{48A4238A-9B96-4CCB-B2BB-86BC07484158}.Debug|Any CPU.ActiveCfg = Debug|Any CPU
		{48A4238A-9B96-4CCB-B2BB-86BC07484158}.Debug|Any CPU.Build.0 = Debug|Any CPU
		{48A4238A-9B96-4CCB-B2BB-86BC07484158}.Release|Any CPU.ActiveCfg = Release|Any CPU
		{48A4238A-9B96-4CCB-B2BB-86BC07484158}.Release|Any CPU.Build.0 = Release|Any CPU
		{07B01C3C-A31D-45BE-98FD-691A387BD030}.Debug|Any CPU.ActiveCfg = Debug|Any CPU
		{07B01C3C-A31D-45BE-98FD-691A387BD030}.Debug|Any CPU.Build.0 = Debug|Any CPU
		{07B01C3C-A31D-45BE-98FD-691A387BD030}.Release|Any CPU.ActiveCfg = Release|Any CPU
		{07B01C3C-A31D-45BE-98FD-691A387BD030}.Release|Any CPU.Build.0 = Release|Any CPU
		{EBFC4C8E-568D-4A35-9F57-B7715B798E61}.Debug|Any CPU.ActiveCfg = Debug|Any CPU
		{EBFC4C8E-568D-4A35-9F57-B7715B798E61}.Debug|Any CPU.Build.0 = Debug|Any CPU
		{EBFC4C8E-568D-4A35-9F57-B7715B798E61}.Release|Any CPU.ActiveCfg = Release|Any CPU
		{EBFC4C8E-568D-4A35-9F57-B7715B798E61}.Release|Any CPU.Build.0 = Release|Any CPU
		{267B71FE-75F6-43DE-8655-7392AB2F3F27}.Debug|Any CPU.ActiveCfg = Debug|Any CPU
		{267B71FE-75F6-43DE-8655-7392AB2F3F27}.Debug|Any CPU.Build.0 = Debug|Any CPU
		{267B71FE-75F6-43DE-8655-7392AB2F3F27}.Release|Any CPU.ActiveCfg = Release|Any CPU
		{267B71FE-75F6-43DE-8655-7392AB2F3F27}.Release|Any CPU.Build.0 = Release|Any CPU
		{DE909872-61DE-48EC-BD1A-8DEE4D993F5B}.Debug|Any CPU.ActiveCfg = Debug|Any CPU
		{DE909872-61DE-48EC-BD1A-8DEE4D993F5B}.Debug|Any CPU.Build.0 = Debug|Any CPU
		{DE909872-61DE-48EC-BD1A-8DEE4D993F5B}.Release|Any CPU.ActiveCfg = Release|Any CPU
		{DE909872-61DE-48EC-BD1A-8DEE4D993F5B}.Release|Any CPU.Build.0 = Release|Any CPU
		{E45BAB1E-7C84-446A-AA5C-2EC6D336960B}.Debug|Any CPU.ActiveCfg = Debug|Any CPU
		{E45BAB1E-7C84-446A-AA5C-2EC6D336960B}.Debug|Any CPU.Build.0 = Debug|Any CPU
		{E45BAB1E-7C84-446A-AA5C-2EC6D336960B}.Release|Any CPU.ActiveCfg = Release|Any CPU
		{E45BAB1E-7C84-446A-AA5C-2EC6D336960B}.Release|Any CPU.Build.0 = Release|Any CPU
		{44CBEE25-B904-4222-8F42-6DBE90BC37F1}.Debug|Any CPU.ActiveCfg = Debug|Any CPU
		{44CBEE25-B904-4222-8F42-6DBE90BC37F1}.Debug|Any CPU.Build.0 = Debug|Any CPU
		{44CBEE25-B904-4222-8F42-6DBE90BC37F1}.Release|Any CPU.ActiveCfg = Release|Any CPU
		{44CBEE25-B904-4222-8F42-6DBE90BC37F1}.Release|Any CPU.Build.0 = Release|Any CPU
		{2619BBAC-1C37-4AE7-923F-E40EB7805132}.Debug|Any CPU.ActiveCfg = Debug|Any CPU
		{2619BBAC-1C37-4AE7-923F-E40EB7805132}.Debug|Any CPU.Build.0 = Debug|Any CPU
		{2619BBAC-1C37-4AE7-923F-E40EB7805132}.Release|Any CPU.ActiveCfg = Release|Any CPU
		{2619BBAC-1C37-4AE7-923F-E40EB7805132}.Release|Any CPU.Build.0 = Release|Any CPU
		{EBC1D070-FC8A-4EAD-B2A7-3AC25AB62507}.Debug|Any CPU.ActiveCfg = Debug|Any CPU
		{EBC1D070-FC8A-4EAD-B2A7-3AC25AB62507}.Debug|Any CPU.Build.0 = Debug|Any CPU
		{EBC1D070-FC8A-4EAD-B2A7-3AC25AB62507}.Release|Any CPU.ActiveCfg = Release|Any CPU
		{EBC1D070-FC8A-4EAD-B2A7-3AC25AB62507}.Release|Any CPU.Build.0 = Release|Any CPU
		{CC100EAE-6668-4E39-977E-CB63D025BCCE}.Debug|Any CPU.ActiveCfg = Debug|Any CPU
		{CC100EAE-6668-4E39-977E-CB63D025BCCE}.Debug|Any CPU.Build.0 = Debug|Any CPU
		{CC100EAE-6668-4E39-977E-CB63D025BCCE}.Release|Any CPU.ActiveCfg = Release|Any CPU
		{CC100EAE-6668-4E39-977E-CB63D025BCCE}.Release|Any CPU.Build.0 = Release|Any CPU
		{6BF21894-DDF3-496A-969F-6E3963A12E2A}.Debug|Any CPU.ActiveCfg = Debug|Any CPU
		{6BF21894-DDF3-496A-969F-6E3963A12E2A}.Debug|Any CPU.Build.0 = Debug|Any CPU
		{6BF21894-DDF3-496A-969F-6E3963A12E2A}.Release|Any CPU.ActiveCfg = Release|Any CPU
		{6BF21894-DDF3-496A-969F-6E3963A12E2A}.Release|Any CPU.Build.0 = Release|Any CPU
		{5B53C793-9BB7-4B76-AF93-64AB842C95AD}.Debug|Any CPU.ActiveCfg = Debug|Any CPU
		{5B53C793-9BB7-4B76-AF93-64AB842C95AD}.Debug|Any CPU.Build.0 = Debug|Any CPU
		{5B53C793-9BB7-4B76-AF93-64AB842C95AD}.Release|Any CPU.ActiveCfg = Release|Any CPU
		{5B53C793-9BB7-4B76-AF93-64AB842C95AD}.Release|Any CPU.Build.0 = Release|Any CPU
		{38D42D7E-0571-4E5F-813D-B5AFB06AFC98}.Debug|Any CPU.ActiveCfg = Debug|Any CPU
		{38D42D7E-0571-4E5F-813D-B5AFB06AFC98}.Debug|Any CPU.Build.0 = Debug|Any CPU
		{38D42D7E-0571-4E5F-813D-B5AFB06AFC98}.Release|Any CPU.ActiveCfg = Release|Any CPU
		{38D42D7E-0571-4E5F-813D-B5AFB06AFC98}.Release|Any CPU.Build.0 = Release|Any CPU
		{1C76615E-A9C1-4589-93CD-3E28745AD7F0}.Debug|Any CPU.ActiveCfg = Debug|Any CPU
		{1C76615E-A9C1-4589-93CD-3E28745AD7F0}.Debug|Any CPU.Build.0 = Debug|Any CPU
		{1C76615E-A9C1-4589-93CD-3E28745AD7F0}.Release|Any CPU.ActiveCfg = Release|Any CPU
		{1C76615E-A9C1-4589-93CD-3E28745AD7F0}.Release|Any CPU.Build.0 = Release|Any CPU
		{D7A715D3-FBBC-4E39-8D66-8F22D06FA463}.Debug|Any CPU.ActiveCfg = Debug|Any CPU
		{D7A715D3-FBBC-4E39-8D66-8F22D06FA463}.Debug|Any CPU.Build.0 = Debug|Any CPU
		{D7A715D3-FBBC-4E39-8D66-8F22D06FA463}.Release|Any CPU.ActiveCfg = Release|Any CPU
		{D7A715D3-FBBC-4E39-8D66-8F22D06FA463}.Release|Any CPU.Build.0 = Release|Any CPU
		{E128E9D5-66EA-483B-89C9-42023978F9B8}.Debug|Any CPU.ActiveCfg = Debug|Any CPU
		{E128E9D5-66EA-483B-89C9-42023978F9B8}.Debug|Any CPU.Build.0 = Debug|Any CPU
		{E128E9D5-66EA-483B-89C9-42023978F9B8}.Release|Any CPU.ActiveCfg = Release|Any CPU
		{E128E9D5-66EA-483B-89C9-42023978F9B8}.Release|Any CPU.Build.0 = Release|Any CPU
		{DE9CA141-7F53-4469-A286-49AE5D3C36CC}.Debug|Any CPU.ActiveCfg = Debug|Any CPU
		{DE9CA141-7F53-4469-A286-49AE5D3C36CC}.Debug|Any CPU.Build.0 = Debug|Any CPU
		{DE9CA141-7F53-4469-A286-49AE5D3C36CC}.Release|Any CPU.ActiveCfg = Release|Any CPU
		{DE9CA141-7F53-4469-A286-49AE5D3C36CC}.Release|Any CPU.Build.0 = Release|Any CPU
		{C5A985A0-45B6-499B-B8B9-A29A2BBE524A}.Debug|Any CPU.ActiveCfg = Debug|Any CPU
		{C5A985A0-45B6-499B-B8B9-A29A2BBE524A}.Debug|Any CPU.Build.0 = Debug|Any CPU
		{C5A985A0-45B6-499B-B8B9-A29A2BBE524A}.Release|Any CPU.ActiveCfg = Release|Any CPU
		{C5A985A0-45B6-499B-B8B9-A29A2BBE524A}.Release|Any CPU.Build.0 = Release|Any CPU
	EndGlobalSection
	GlobalSection(SolutionProperties) = preSolution
		HideSolutionNode = FALSE
	EndGlobalSection
	GlobalSection(NestedProjects) = preSolution
		{0F85FABE-1157-430C-8B31-A3E4F443C495} = {5485F738-87A1-4B36-A5EC-4A7350DDE2FF}
		{E65D4223-776C-4C85-9599-827078CEF477} = {5485F738-87A1-4B36-A5EC-4A7350DDE2FF}
		{DE909872-61DE-48EC-BD1A-8DEE4D993F5B} = {0F85FABE-1157-430C-8B31-A3E4F443C495}
		{E45BAB1E-7C84-446A-AA5C-2EC6D336960B} = {0F85FABE-1157-430C-8B31-A3E4F443C495}
		{44CBEE25-B904-4222-8F42-6DBE90BC37F1} = {0F85FABE-1157-430C-8B31-A3E4F443C495}
		{DE9CA141-7F53-4469-A286-49AE5D3C36CC} = {0F85FABE-1157-430C-8B31-A3E4F443C495}
		{5B53C793-9BB7-4B76-AF93-64AB842C95AD} = {E65D4223-776C-4C85-9599-827078CEF477}
		{65819AD4-DA92-45A2-8819-E28B03BC304E} = {E65D4223-776C-4C85-9599-827078CEF477}
		{3CDFDF37-6191-4CED-8446-9256FC8D0136} = {E65D4223-776C-4C85-9599-827078CEF477}
		{1C76615E-A9C1-4589-93CD-3E28745AD7F0} = {65819AD4-DA92-45A2-8819-E28B03BC304E}
		{38D42D7E-0571-4E5F-813D-B5AFB06AFC98} = {65819AD4-DA92-45A2-8819-E28B03BC304E}
		{D7A715D3-FBBC-4E39-8D66-8F22D06FA463} = {3CDFDF37-6191-4CED-8446-9256FC8D0136}
		{E128E9D5-66EA-483B-89C9-42023978F9B8} = {3CDFDF37-6191-4CED-8446-9256FC8D0136}
	EndGlobalSection
EndGlobal
